
Microsoft Visual Studio Solution File, Format Version 12.00
# Visual Studio Version 16
VisualStudioVersion = 16.0.28803.352
MinimumVisualStudioVersion = 10.0.40219.1
Project("{FAE04EC0-301F-11D3-BF4B-00C04F79EFBC}") = "Teste-Core", "Teste-Core\Teste-Core.csproj", "{6A0E4360-7E25-4B32-8343-D2D02563C628}"
EndProject
Global
	GlobalSection(SolutionConfigurationPlatforms) = preSolution
		Debug|Any CPU = Debug|Any CPU
		Release|Any CPU = Release|Any CPU
	EndGlobalSection
	GlobalSection(ProjectConfigurationPlatforms) = postSolution
		{6A0E4360-7E25-4B32-8343-D2D02563C628}.Debug|Any CPU.ActiveCfg = Debug|Any CPU
		{6A0E4360-7E25-4B32-8343-D2D02563C628}.Debug|Any CPU.Build.0 = Debug|Any CPU
		{6A0E4360-7E25-4B32-8343-D2D02563C628}.Release|Any CPU.ActiveCfg = Release|Any CPU
		{6A0E4360-7E25-4B32-8343-D2D02563C628}.Release|Any CPU.Build.0 = Release|Any CPU
	EndGlobalSection
	GlobalSection(SolutionProperties) = preSolution
		HideSolutionNode = FALSE
	EndGlobalSection
	GlobalSection(ExtensibilityGlobals) = postSolution
		SolutionGuid = {D76A2D91-5D3C-4121-9A37-F03DA3506C9E}
	EndGlobalSection
EndGlobal
